{
  "name": "longos",
  "lockfileVersion": 3,
  "requires": true,
  "packages": {
    "": {
      "name": "longos",
      "devDependencies": {
        "@electric-sql/pglite": "0.5.4"
      }
    },
    "node_modules/@electric-sql/pglite": {
      "version": "0.5.4",
      "resolved": "https://registry.npmjs.org/@electric-sql/pglite/-/pglite-0.5.4.tgz",
      "integrity": "sha512-yYZUyyXrHU7tPlCjwZQJ6hIG9DscdCCn7Uk0mYKwC1FeHX286AbcmFveMiRBEak8e9iPupjsoVImN3yJZVed2g==",
      "dev": true,
      "license": "Apache-2.0"
    }
  }
}
